{
  "version": 4,
  "terraform_version": "1.3.6",
  "serial": 29,
  "lineage": "f999864e-64bb-17ee-310b-d22bec876f4e",
  "outputs": {},
  "resources": [
    {
      "mode": "managed",
      "type": "azurerm_linux_virtual_machine",
      "name": "mav-vm",
      "provider": "provider[\"registry.terraform.io/hashicorp/azurerm\"]",
      "instances": [
        {
          "schema_version": 0,
          "attributes": {
            "additional_capabilities": [],
            "admin_password": "Bambam12",
            "admin_ssh_key": [
              {
                "public_key": "ssh-rsa AAAAB3NzaC1yc2EAAAADAQABAAABgQCjhhd5qRr/aBmUZkAp1saS0b2t4sXZWhJ9GvGDQTma6pSynrFbRX1CNnGjoias1uvrdjB0egXjCoocnukC2z9Zn3SlWrIwjH1yfVLWQUpxHtKKzvc+J+rSWRe5CVxRaDCTPhxONlva1Q5OEzIqdsltj10WEEaQZAw+Y4PgLfWSZgvxIex9+Vr2SP2DBpneOkM8qoNghbx4medyDfQP7m7tPytRxKjowqVYa2vkbQsBKoLpF72QfO8C0wGMD9RP2bcGaLXAswV1GPSmNhKT2OMAJaUNTYBCjz1mZxIvx5o/0N37+wdX6oP94RCAiughNBKrafDgYpILjnoOpsyr3i4u28utg9dHyKdDi9OWGumE0lgtBrZ1Gh1rwX9EFA6jR/MSGC6EiKGH2ujodHGSF1DNgTCenfERAQaATjwqOxKIkLQHxWNHs1XHfxXbGUyCIThl2+MCC8RWQbUZuvnfd8SUEZQi/zHBon5GaPy6oy117u/NebBEeDqHTMaTIt/WnR8= bamisere@DESKTOP-8H2RS9N\r\n",
                "username": "adminuser"
              }
            ],
            "admin_username": "adminuser",
            "allow_extension_operations": true,
            "availability_set_id": "",
            "boot_diagnostics": [],
            "capacity_reservation_group_id": "",
            "computer_name": "mav-vm",
            "custom_data": null,
            "dedicated_host_group_id": "",
            "dedicated_host_id": "",
            "disable_password_authentication": false,
            "edge_zone": "",
            "encryption_at_host_enabled": false,
            "eviction_policy": "",
            "extensions_time_budget": "PT1H30M",
            "gallery_application": [],
            "id": "/subscriptions/4869de47-0880-48c5-b962-184a27fcd97c/resourceGroups/mavbuzz-resources/providers/Microsoft.Compute/virtualMachines/mav-vm",
            "identity": [],
            "license_type": "",
            "location": "eastus",
            "max_bid_price": -1,
            "name": "mav-vm",
            "network_interface_ids": [
              "/subscriptions/4869de47-0880-48c5-b962-184a27fcd97c/resourceGroups/mavbuzz-resources/providers/Microsoft.Network/networkInterfaces/mav-nic"
            ],
            "os_disk": [
              {
                "caching": "ReadWrite",
                "diff_disk_settings": [],
                "disk_encryption_set_id": "",
                "disk_size_gb": 30,
                "name": "mav-vm_OsDisk_1_26e647ab1fed49e999cffe2cad18606a",
                "secure_vm_disk_encryption_set_id": "",
                "security_encryption_type": "",
                "storage_account_type": "Standard_LRS",
                "write_accelerator_enabled": false
              }
            ],
            "patch_assessment_mode": "ImageDefault",
            "patch_mode": "ImageDefault",
            "plan": [],
            "platform_fault_domain": -1,
            "priority": "Regular",
            "private_ip_address": "10.125.1.4",
            "private_ip_addresses": [
              "10.125.1.4"
            ],
            "provision_vm_agent": true,
            "proximity_placement_group_id": "",
            "public_ip_address": "20.232.113.37",
            "public_ip_addresses": [
              "20.232.113.37"
            ],
            "resource_group_name": "mavbuzz-resources",
            "secret": [],
            "secure_boot_enabled": false,
            "size": "Standard_F2",
            "source_image_id": "",
            "source_image_reference": [
              {
                "offer": "UbuntuServer",
                "publisher": "Canonical",
                "sku": "16.04-LTS",
                "version": "latest"
              }
            ],
            "tags": {},
            "termination_notification": [],
            "timeouts": null,
            "user_data": "",
            "virtual_machine_id": "479ea9b0-dbc5-4d01-8f62-6c4a91ef9006",
            "virtual_machine_scale_set_id": "",
            "vtpm_enabled": false,
            "zone": ""
          },
          "sensitive_attributes": [],
          "private": "eyJlMmJmYjczMC1lY2FhLTExZTYtOGY4OC0zNDM2M2JjN2M0YzAiOnsiY3JlYXRlIjoyNzAwMDAwMDAwMDAwLCJkZWxldGUiOjI3MDAwMDAwMDAwMDAsInJlYWQiOjMwMDAwMDAwMDAwMCwidXBkYXRlIjoyNzAwMDAwMDAwMDAwfX0=",
          "dependencies": [
            "azurerm_network_interface.mav-nic",
            "azurerm_resource_group.mav"
          ]
        }
      ]
    },
    {
      "mode": "managed",
      "type": "azurerm_mysql_database",
      "name": "mav-db",
      "provider": "provider[\"registry.terraform.io/hashicorp/azurerm\"]",
      "instances": [
        {
          "schema_version": 0,
          "attributes": {
            "charset": "utf8",
            "collation": "utf8_unicode_ci",
            "id": "/subscriptions/4869de47-0880-48c5-b962-184a27fcd97c/resourceGroups/mavbuzz-resources/providers/Microsoft.DBforMySQL/servers/mav-server/databases/helpdesk_system",
            "name": "helpdesk_system",
            "resource_group_name": "mavbuzz-resources",
            "server_name": "mav-server",
            "timeouts": null
          },
          "sensitive_attributes": [],
          "private": "eyJlMmJmYjczMC1lY2FhLTExZTYtOGY4OC0zNDM2M2JjN2M0YzAiOnsiY3JlYXRlIjozNjAwMDAwMDAwMDAwLCJkZWxldGUiOjM2MDAwMDAwMDAwMDAsInJlYWQiOjMwMDAwMDAwMDAwMCwidXBkYXRlIjozNjAwMDAwMDAwMDAwfX0=",
          "dependencies": [
            "azurerm_mysql_server.mav-sql",
            "azurerm_resource_group.mav"
          ]
        }
      ]
    },
    {
      "mode": "managed",
      "type": "azurerm_mysql_server",
      "name": "mav-sql",
      "provider": "provider[\"registry.terraform.io/hashicorp/azurerm\"]",
      "instances": [
        {
          "schema_version": 0,
          "attributes": {
            "administrator_login": "mysqladmin",
            "administrator_login_password": "Bambam12",
            "auto_grow_enabled": true,
            "backup_retention_days": 7,
            "create_mode": "Default",
            "creation_source_server_id": null,
            "fqdn": "mav-server.mysql.database.azure.com",
            "geo_redundant_backup_enabled": false,
            "id": "/subscriptions/4869de47-0880-48c5-b962-184a27fcd97c/resourceGroups/mavbuzz-resources/providers/Microsoft.DBforMySQL/servers/mav-server",
            "identity": [],
            "infrastructure_encryption_enabled": false,
            "location": "eastus",
            "name": "mav-server",
            "public_network_access_enabled": true,
            "resource_group_name": "mavbuzz-resources",
            "restore_point_in_time": null,
            "sku_name": "B_Gen5_2",
            "ssl_enforcement_enabled": true,
            "ssl_minimal_tls_version_enforced": "TLS1_2",
            "storage_mb": 5120,
            "tags": {},
            "threat_detection_policy": [],
            "timeouts": null,
            "version": "5.7"
          },
          "sensitive_attributes": [],
          "private": "eyJlMmJmYjczMC1lY2FhLTExZTYtOGY4OC0zNDM2M2JjN2M0YzAiOnsiY3JlYXRlIjozNjAwMDAwMDAwMDAwLCJkZWxldGUiOjM2MDAwMDAwMDAwMDAsInJlYWQiOjMwMDAwMDAwMDAwMCwidXBkYXRlIjozNjAwMDAwMDAwMDAwfX0=",
          "dependencies": [
            "azurerm_resource_group.mav"
          ]
        }
      ]
    },
    {
      "mode": "managed",
      "type": "azurerm_network_interface",
      "name": "mav-nic",
      "provider": "provider[\"registry.terraform.io/hashicorp/azurerm\"]",
      "instances": [
        {
          "schema_version": 0,
          "attributes": {
            "applied_dns_servers": [],
            "dns_servers": [],
            "edge_zone": "",
            "enable_accelerated_networking": false,
            "enable_ip_forwarding": false,
            "id": "/subscriptions/4869de47-0880-48c5-b962-184a27fcd97c/resourceGroups/mavbuzz-resources/providers/Microsoft.Network/networkInterfaces/mav-nic",
            "internal_dns_name_label": "",
            "internal_domain_name_suffix": "r3qo3xc3rxreto3han1401uwdb.bx.internal.cloudapp.net",
            "ip_configuration": [
              {
                "gateway_load_balancer_frontend_ip_configuration_id": "",
                "name": "internal",
                "primary": true,
                "private_ip_address": "10.125.1.4",
                "private_ip_address_allocation": "Dynamic",
                "private_ip_address_version": "IPv4",
                "public_ip_address_id": "/subscriptions/4869de47-0880-48c5-b962-184a27fcd97c/resourceGroups/mavbuzz-resources/providers/Microsoft.Network/publicIPAddresses/mav-ip",
                "subnet_id": "/subscriptions/4869de47-0880-48c5-b962-184a27fcd97c/resourceGroups/mavbuzz-resources/providers/Microsoft.Network/virtualNetworks/mav-network/subnets/mav-subnet"
              }
            ],
            "location": "eastus",
            "mac_address": "00-22-48-24-04-F0",
            "name": "mav-nic",
            "private_ip_address": "10.125.1.4",
            "private_ip_addresses": [
              "10.125.1.4"
            ],
            "resource_group_name": "mavbuzz-resources",
            "tags": {
              "environment": "dev"
            },
            "timeouts": null,
            "virtual_machine_id": "/subscriptions/4869de47-0880-48c5-b962-184a27fcd97c/resourceGroups/mavbuzz-resources/providers/Microsoft.Compute/virtualMachines/mav-vm"
          },
          "sensitive_attributes": [],
          "private": "eyJlMmJmYjczMC1lY2FhLTExZTYtOGY4OC0zNDM2M2JjN2M0YzAiOnsiY3JlYXRlIjoxODAwMDAwMDAwMDAwLCJkZWxldGUiOjE4MDAwMDAwMDAwMDAsInJlYWQiOjMwMDAwMDAwMDAwMCwidXBkYXRlIjoxODAwMDAwMDAwMDAwfX0=",
          "dependencies": [
            "azurerm_public_ip.mav-ip",
            "azurerm_resource_group.mav",
            "azurerm_subnet.mav-subnet",
            "azurerm_virtual_network.mav-vn"
          ]
        }
      ]
    },
    {
      "mode": "managed",
      "type": "azurerm_network_security_group",
      "name": "mav-sg",
      "provider": "provider[\"registry.terraform.io/hashicorp/azurerm\"]",
      "instances": [
        {
          "schema_version": 0,
          "attributes": {
            "id": "/subscriptions/4869de47-0880-48c5-b962-184a27fcd97c/resourceGroups/mavbuzz-resources/providers/Microsoft.Network/networkSecurityGroups/mav-sg",
            "location": "eastus",
            "name": "mav-sg",
            "resource_group_name": "mavbuzz-resources",
            "security_rule": [
              {
                "access": "Allow",
                "description": "",
                "destination_address_prefix": "*",
                "destination_address_prefixes": [],
                "destination_application_security_group_ids": [],
                "destination_port_range": "*",
                "destination_port_ranges": [],
                "direction": "Inbound",
                "name": "mav-dev-rule",
                "priority": 100,
                "protocol": "*",
                "source_address_prefix": "*",
                "source_address_prefixes": [],
                "source_application_security_group_ids": [],
                "source_port_range": "*",
                "source_port_ranges": []
              }
            ],
            "tags": {
              "environment": "dev"
            },
            "timeouts": null
          },
          "sensitive_attributes": [],
          "private": "eyJlMmJmYjczMC1lY2FhLTExZTYtOGY4OC0zNDM2M2JjN2M0YzAiOnsiY3JlYXRlIjoxODAwMDAwMDAwMDAwLCJkZWxldGUiOjE4MDAwMDAwMDAwMDAsInJlYWQiOjMwMDAwMDAwMDAwMCwidXBkYXRlIjoxODAwMDAwMDAwMDAwfX0=",
          "dependencies": [
            "azurerm_resource_group.mav"
          ]
        }
      ]
    },
    {
      "mode": "managed",
      "type": "azurerm_network_security_rule",
      "name": "mav-dev-rule",
      "provider": "provider[\"registry.terraform.io/hashicorp/azurerm\"]",
      "instances": [
        {
          "schema_version": 0,
          "attributes": {
            "access": "Allow",
            "description": "",
            "destination_address_prefix": "*",
            "destination_address_prefixes": [],
            "destination_application_security_group_ids": [],
            "destination_port_range": "*",
            "destination_port_ranges": [],
            "direction": "Inbound",
            "id": "/subscriptions/4869de47-0880-48c5-b962-184a27fcd97c/resourceGroups/mavbuzz-resources/providers/Microsoft.Network/networkSecurityGroups/mav-sg/securityRules/mav-dev-rule",
            "name": "mav-dev-rule",
            "network_security_group_name": "mav-sg",
            "priority": 100,
            "protocol": "*",
            "resource_group_name": "mavbuzz-resources",
            "source_address_prefix": "*",
            "source_address_prefixes": [],
            "source_application_security_group_ids": [],
            "source_port_range": "*",
            "source_port_ranges": [],
            "timeouts": null
          },
          "sensitive_attributes": [],
          "private": "eyJlMmJmYjczMC1lY2FhLTExZTYtOGY4OC0zNDM2M2JjN2M0YzAiOnsiY3JlYXRlIjoxODAwMDAwMDAwMDAwLCJkZWxldGUiOjE4MDAwMDAwMDAwMDAsInJlYWQiOjMwMDAwMDAwMDAwMCwidXBkYXRlIjoxODAwMDAwMDAwMDAwfX0=",
          "dependencies": [
            "azurerm_network_security_group.mav-sg",
            "azurerm_resource_group.mav"
          ]
        }
      ]
    },
    {
      "mode": "managed",
      "type": "azurerm_network_security_rule",
      "name": "mav-sql-rule",
      "provider": "provider[\"registry.terraform.io/hashicorp/azurerm\"]",
      "instances": [
        {
          "schema_version": 0,
          "attributes": {
            "access": "Allow",
            "description": "",
            "destination_address_prefix": "*",
            "destination_address_prefixes": null,
            "destination_application_security_group_ids": null,
            "destination_port_range": "1433",
            "destination_port_ranges": null,
            "direction": "Outbound",
            "id": "/subscriptions/4869de47-0880-48c5-b962-184a27fcd97c/resourceGroups/mavbuzz-resources/providers/Microsoft.Network/networkSecurityGroups/mav-sg/securityRules/mav-allow-sql-server",
            "name": "mav-allow-sql-server",
            "network_security_group_name": "mav-sg",
            "priority": 100,
            "protocol": "Tcp",
            "resource_group_name": "mavbuzz-resources",
            "source_address_prefix": "*",
            "source_address_prefixes": null,
            "source_application_security_group_ids": null,
            "source_port_range": "*",
            "source_port_ranges": null,
            "timeouts": null
          },
          "sensitive_attributes": [],
          "private": "eyJlMmJmYjczMC1lY2FhLTExZTYtOGY4OC0zNDM2M2JjN2M0YzAiOnsiY3JlYXRlIjoxODAwMDAwMDAwMDAwLCJkZWxldGUiOjE4MDAwMDAwMDAwMDAsInJlYWQiOjMwMDAwMDAwMDAwMCwidXBkYXRlIjoxODAwMDAwMDAwMDAwfX0=",
          "dependencies": [
            "azurerm_network_security_group.mav-sg",
            "azurerm_resource_group.mav"
          ]
        }
      ]
    },
    {
      "mode": "managed",
      "type": "azurerm_public_ip",
      "name": "mav-ip",
      "provider": "provider[\"registry.terraform.io/hashicorp/azurerm\"]",
      "instances": [
        {
          "schema_version": 0,
          "attributes": {
            "allocation_method": "Dynamic",
            "ddos_protection_mode": "VirtualNetworkInherited",
            "ddos_protection_plan_id": null,
            "domain_name_label": null,
            "edge_zone": "",
            "fqdn": null,
            "id": "/subscriptions/4869de47-0880-48c5-b962-184a27fcd97c/resourceGroups/mavbuzz-resources/providers/Microsoft.Network/publicIPAddresses/mav-ip",
            "idle_timeout_in_minutes": 4,
            "ip_address": "20.232.113.37",
            "ip_tags": {},
            "ip_version": "IPv4",
            "location": "eastus",
            "name": "mav-ip",
            "public_ip_prefix_id": null,
            "resource_group_name": "mavbuzz-resources",
            "reverse_fqdn": null,
            "sku": "Basic",
            "sku_tier": "Regional",
            "tags": {
              "environment": "dev"
            },
            "timeouts": null,
            "zones": []
          },
          "sensitive_attributes": [],
          "private": "eyJlMmJmYjczMC1lY2FhLTExZTYtOGY4OC0zNDM2M2JjN2M0YzAiOnsiY3JlYXRlIjoxODAwMDAwMDAwMDAwLCJkZWxldGUiOjE4MDAwMDAwMDAwMDAsInJlYWQiOjMwMDAwMDAwMDAwMCwidXBkYXRlIjoxODAwMDAwMDAwMDAwfX0=",
          "dependencies": [
            "azurerm_resource_group.mav"
          ]
        }
      ]
    },
    {
      "mode": "managed",
      "type": "azurerm_resource_group",
      "name": "mav",
      "provider": "provider[\"registry.terraform.io/hashicorp/azurerm\"]",
      "instances": [
        {
          "schema_version": 0,
          "attributes": {
            "id": "/subscriptions/4869de47-0880-48c5-b962-184a27fcd97c/resourceGroups/mavbuzz-resources",
            "location": "eastus",
            "name": "mavbuzz-resources",
            "tags": {
              "environment": "dev"
            },
            "timeouts": null
          },
          "sensitive_attributes": [],
          "private": "eyJlMmJmYjczMC1lY2FhLTExZTYtOGY4OC0zNDM2M2JjN2M0YzAiOnsiY3JlYXRlIjo1NDAwMDAwMDAwMDAwLCJkZWxldGUiOjU0MDAwMDAwMDAwMDAsInJlYWQiOjMwMDAwMDAwMDAwMCwidXBkYXRlIjo1NDAwMDAwMDAwMDAwfX0="
        }
      ]
    },
    {
      "mode": "managed",
      "type": "azurerm_subnet",
      "name": "mav-subnet",
      "provider": "provider[\"registry.terraform.io/hashicorp/azurerm\"]",
      "instances": [
        {
          "schema_version": 0,
          "attributes": {
            "address_prefixes": [
              "10.125.1.0/24"
            ],
            "delegation": [],
            "enforce_private_link_endpoint_network_policies": false,
            "enforce_private_link_service_network_policies": false,
            "id": "/subscriptions/4869de47-0880-48c5-b962-184a27fcd97c/resourceGroups/mavbuzz-resources/providers/Microsoft.Network/virtualNetworks/mav-network/subnets/mav-subnet",
            "name": "mav-subnet",
            "private_endpoint_network_policies_enabled": true,
            "private_link_service_network_policies_enabled": true,
            "resource_group_name": "mavbuzz-resources",
            "service_endpoint_policy_ids": [],
            "service_endpoints": [],
            "timeouts": null,
            "virtual_network_name": "mav-network"
          },
          "sensitive_attributes": [],
          "private": "eyJlMmJmYjczMC1lY2FhLTExZTYtOGY4OC0zNDM2M2JjN2M0YzAiOnsiY3JlYXRlIjoxODAwMDAwMDAwMDAwLCJkZWxldGUiOjE4MDAwMDAwMDAwMDAsInJlYWQiOjMwMDAwMDAwMDAwMCwidXBkYXRlIjoxODAwMDAwMDAwMDAwfX0=",
          "dependencies": [
            "azurerm_resource_group.mav",
            "azurerm_virtual_network.mav-vn"
          ]
        }
      ]
    },
    {
      "mode": "managed",
      "type": "azurerm_subnet_network_security_group_association",
      "name": "mav-sgn",
      "provider": "provider[\"registry.terraform.io/hashicorp/azurerm\"]",
      "instances": [
        {
          "schema_version": 0,
          "attributes": {
            "id": "/subscriptions/4869de47-0880-48c5-b962-184a27fcd97c/resourceGroups/mavbuzz-resources/providers/Microsoft.Network/virtualNetworks/mav-network/subnets/mav-subnet",
            "network_security_group_id": "/subscriptions/4869de47-0880-48c5-b962-184a27fcd97c/resourceGroups/mavbuzz-resources/providers/Microsoft.Network/networkSecurityGroups/mav-sg",
            "subnet_id": "/subscriptions/4869de47-0880-48c5-b962-184a27fcd97c/resourceGroups/mavbuzz-resources/providers/Microsoft.Network/virtualNetworks/mav-network/subnets/mav-subnet",
            "timeouts": null
          },
          "sensitive_attributes": [],
          "private": "eyJlMmJmYjczMC1lY2FhLTExZTYtOGY4OC0zNDM2M2JjN2M0YzAiOnsiY3JlYXRlIjoxODAwMDAwMDAwMDAwLCJkZWxldGUiOjE4MDAwMDAwMDAwMDAsInJlYWQiOjMwMDAwMDAwMDAwMCwidXBkYXRlIjoxODAwMDAwMDAwMDAwfX0=",
          "dependencies": [
            "azurerm_network_security_group.mav-sg",
            "azurerm_resource_group.mav",
            "azurerm_subnet.mav-subnet",
            "azurerm_virtual_network.mav-vn"
          ]
        }
      ]
    },
    {
      "mode": "managed",
      "type": "azurerm_virtual_network",
      "name": "mav-vn",
      "provider": "provider[\"registry.terraform.io/hashicorp/azurerm\"]",
      "instances": [
        {
          "schema_version": 0,
          "attributes": {
            "address_space": [
              "10.125.0.0/16"
            ],
            "bgp_community": "",
            "ddos_protection_plan": [],
            "dns_servers": [],
            "edge_zone": "",
            "flow_timeout_in_minutes": 0,
            "guid": "dcee608f-8d5d-49e2-bba7-0377ed6e9619",
            "id": "/subscriptions/4869de47-0880-48c5-b962-184a27fcd97c/resourceGroups/mavbuzz-resources/providers/Microsoft.Network/virtualNetworks/mav-network",
            "location": "eastus",
            "name": "mav-network",
            "resource_group_name": "mavbuzz-resources",
            "subnet": [
              {
                "address_prefix": "10.125.1.0/24",
                "id": "/subscriptions/4869de47-0880-48c5-b962-184a27fcd97c/resourceGroups/mavbuzz-resources/providers/Microsoft.Network/virtualNetworks/mav-network/subnets/mav-subnet",
                "name": "mav-subnet",
                "security_group": "/subscriptions/4869de47-0880-48c5-b962-184a27fcd97c/resourceGroups/mavbuzz-resources/providers/Microsoft.Network/networkSecurityGroups/mav-sg"
              }
            ],
            "tags": {
              "environment": "dev"
            },
            "timeouts": null
          },
          "sensitive_attributes": [],
          "private": "eyJlMmJmYjczMC1lY2FhLTExZTYtOGY4OC0zNDM2M2JjN2M0YzAiOnsiY3JlYXRlIjoxODAwMDAwMDAwMDAwLCJkZWxldGUiOjE4MDAwMDAwMDAwMDAsInJlYWQiOjMwMDAwMDAwMDAwMCwidXBkYXRlIjoxODAwMDAwMDAwMDAwfX0=",
          "dependencies": [
            "azurerm_resource_group.mav"
          ]
        }
      ]
    }
  ],
  "check_results": null
}
